{
  "name": "govuk-template-marko",
  "version": "4.0.0",
  "lockfileVersion": 1,
  "requires": true,
  "dependencies": {
    "@lasso/marko-taglib": {
      "version": "1.0.13",
      "resolved": "https://registry.npmjs.org/@lasso/marko-taglib/-/marko-taglib-1.0.13.tgz",
      "integrity": "sha512-abAelZbCVZ5cPebXEAXqmcHde7PtMLD63fbuwCYqHjJV4zVy/O5g5+c24AmgSPjr7DOWXJS5ZlnLAjoP5rvdvQ==",
      "requires": {
        "async": "^0.9.2",
        "lasso-resolve-from": "^1.2.0",
        "raptor-async": "^1.1.3",
        "raptor-logging": "^1.1.3",
        "raptor-util": "^1.1.2"
      }
    },
    "async": {
      "version": "0.9.2",
      "resolved": "http://registry.npmjs.org/async/-/async-0.9.2.tgz",
      "integrity": "sha1-rqdNXmHB+JlhO/ZL2mbUx48v0X0="
    },
    "is-absolute": {
      "version": "0.2.6",
      "resolved": "https://registry.npmjs.org/is-absolute/-/is-absolute-0.2.6.tgz",
      "integrity": "sha1-IN5p89uULvLYe5wto28XIjWxtes=",
      "requires": {
        "is-relative": "^0.2.1",
        "is-windows": "^0.2.0"
      }
    },
    "is-relative": {
      "version": "0.2.1",
      "resolved": "https://registry.npmjs.org/is-relative/-/is-relative-0.2.1.tgz",
      "integrity": "sha1-0n9MfVFtF1+2ENuEu+7yPDvJeqU=",
      "requires": {
        "is-unc-path": "^0.1.1"
      }
    },
    "is-unc-path": {
      "version": "0.1.2",
      "resolved": "https://registry.npmjs.org/is-unc-path/-/is-unc-path-0.1.2.tgz",
      "integrity": "sha1-arBTpyVzwQJQ/0FqOBTDUXivObk=",
      "requires": {
        "unc-path-regex": "^0.1.0"
      }
    },
    "is-windows": {
      "version": "0.2.0",
      "resolved": "https://registry.npmjs.org/is-windows/-/is-windows-0.2.0.tgz",
      "integrity": "sha1-3hqm1j6indJIc3tp8f+LgALSEIw="
    },
    "lasso-caching-fs": {
      "version": "1.0.2",
      "resolved": "https://registry.npmjs.org/lasso-caching-fs/-/lasso-caching-fs-1.0.2.tgz",
      "integrity": "sha1-m+TrHwaqwSYDRMrq70LC8AhusQ0=",
      "requires": {
        "raptor-async": "^1.1.2"
      }
    },
    "lasso-resolve-from": {
      "version": "1.2.0",
      "resolved": "https://registry.npmjs.org/lasso-resolve-from/-/lasso-resolve-from-1.2.0.tgz",
      "integrity": "sha1-v7I0Rnr7abUwn1aLpFnMgyBiHG4=",
      "requires": {
        "is-absolute": "^0.2.3",
        "lasso-caching-fs": "^1.0.1",
        "raptor-util": "^1.0.10",
        "resolve-from": "^2.0.0"
      }
    },
    "raptor-async": {
      "version": "1.1.3",
      "resolved": "https://registry.npmjs.org/raptor-async/-/raptor-async-1.1.3.tgz",
      "integrity": "sha1-uDw8m2A9yYXCw6n3jStAc+b2Akw="
    },
    "raptor-logging": {
      "version": "1.1.3",
      "resolved": "https://registry.npmjs.org/raptor-logging/-/raptor-logging-1.1.3.tgz",
      "integrity": "sha512-eklLyQmG5Y2oyIrSsvkFjBkjRYvwjemUQpQhjG757KKaNPxIPX9wu34bfQkIcS7OG495CP28CjX9baABLfOzIw==",
      "requires": {
        "raptor-polyfill": "^1.0.0",
        "raptor-stacktraces": "^1.0.0"
      }
    },
    "raptor-polyfill": {
      "version": "1.1.0",
      "resolved": "https://registry.npmjs.org/raptor-polyfill/-/raptor-polyfill-1.1.0.tgz",
      "integrity": "sha512-VhFc5e6EuNGdax7FQ2QWlCdXFi5OBBsclDh0kzZtgBI7lauc8aFs7+htdi5Q3qCRoYXfsucSBsRKf7a3s+YGmA=="
    },
    "raptor-stacktraces": {
      "version": "1.0.1",
      "resolved": "https://registry.npmjs.org/raptor-stacktraces/-/raptor-stacktraces-1.0.1.tgz",
      "integrity": "sha1-f5+ycafdza4pHGprFd3v+8wAinY="
    },
    "raptor-util": {
      "version": "1.1.2",
      "resolved": "https://registry.npmjs.org/raptor-util/-/raptor-util-1.1.2.tgz",
      "integrity": "sha1-8u6AdqmuPq4uZWcuRqIgB0+i3/M="
    },
    "resolve-from": {
      "version": "2.0.0",
      "resolved": "https://registry.npmjs.org/resolve-from/-/resolve-from-2.0.0.tgz",
      "integrity": "sha1-lICrIOlP+h2egKgEx+oUdhGWa1c="
    },
    "unc-path-regex": {
      "version": "0.1.2",
      "resolved": "https://registry.npmjs.org/unc-path-regex/-/unc-path-regex-0.1.2.tgz",
      "integrity": "sha1-5z3T17DXxe2G+6xrCufYxqadUPo="
    }
  }
}
